{
    "name": "test",
    "lockfileVersion": 3,
    "requires": true,
    "packages": {
        "": {
            "name": "test",
            "dependencies": {
                "gl-matrix": "^3.4.3",
                "movable-render-space": "file:.."
            }
        },
        "..": {
            "version": "2.0.0",
            "license": "MIT",
            "dependencies": {
                "gl-matrix": "^3.4.3"
            },
            "devDependencies": {
                "del-cli": "^6.0.0",
                "typescript": "^5.8.3"
            }
        },
        "node_modules/gl-matrix": {
            "version": "3.4.3",
            "resolved": "https://registry.npmjs.org/gl-matrix/-/gl-matrix-3.4.3.tgz",
            "integrity": "sha512-wcCp8vu8FT22BnvKVPjXa/ICBWRq/zjFfdofZy1WSpQZpphblv12/bOQLBC1rMM7SGOFS9ltVmKOHil5+Ml7gA==",
            "license": "MIT"
        },
        "node_modules/movable-render-space": {
            "resolved": "..",
            "link": true
        }
    }
}
